
Microsoft Visual Studio Solution File, Format Version 12.00
# Visual Studio Version 16
VisualStudioVersion = 16.0.31702.278
MinimumVisualStudioVersion = 10.0.40219.1
Project("{FAE04EC0-301F-11D3-BF4B-00C04F79EFBC}") = "WinLogin", "winLogin\WinLogin.csproj", "{A50791CB-AA21-4C04-9C3A-1B19800A52B1}"
EndProject
Global
	GlobalSection(SolutionConfigurationPlatforms) = preSolution
		Debug|Any CPU = Debug|Any CPU
		Release|Any CPU = Release|Any CPU
	EndGlobalSection
	GlobalSection(ProjectConfigurationPlatforms) = postSolution
		{A50791CB-AA21-4C04-9C3A-1B19800A52B1}.Debug|Any CPU.ActiveCfg = Debug|Any CPU
		{A50791CB-AA21-4C04-9C3A-1B19800A52B1}.Debug|Any CPU.Build.0 = Debug|Any CPU
		{A50791CB-AA21-4C04-9C3A-1B19800A52B1}.Release|Any CPU.ActiveCfg = Release|Any CPU
		{A50791CB-AA21-4C04-9C3A-1B19800A52B1}.Release|Any CPU.Build.0 = Release|Any CPU
	EndGlobalSection
	GlobalSection(SolutionProperties) = preSolution
		HideSolutionNode = FALSE
	EndGlobalSection
	GlobalSection(ExtensibilityGlobals) = postSolution
		SolutionGuid = {D965ED77-F513-4F15-8A4E-B20028D06AC7}
	EndGlobalSection
EndGlobal
