
Microsoft Visual Studio Solution File, Format Version 12.00
# Visual Studio Version 16
VisualStudioVersion = 16.0.31702.278
MinimumVisualStudioVersion = 10.0.40219.1
Project("{FAE04EC0-301F-11D3-BF4B-00C04F79EFBC}") = "Arrows", "WindowsFormsApp1\Arrows.csproj", "{6DAEA493-61F8-4712-BDDD-A2B5A5DC8AE1}"
EndProject
Global
	GlobalSection(SolutionConfigurationPlatforms) = preSolution
		Debug|Any CPU = Debug|Any CPU
		Release|Any CPU = Release|Any CPU
	EndGlobalSection
	GlobalSection(ProjectConfigurationPlatforms) = postSolution
		{6DAEA493-61F8-4712-BDDD-A2B5A5DC8AE1}.Debug|Any CPU.ActiveCfg = Debug|Any CPU
		{6DAEA493-61F8-4712-BDDD-A2B5A5DC8AE1}.Debug|Any CPU.Build.0 = Debug|Any CPU
		{6DAEA493-61F8-4712-BDDD-A2B5A5DC8AE1}.Release|Any CPU.ActiveCfg = Release|Any CPU
		{6DAEA493-61F8-4712-BDDD-A2B5A5DC8AE1}.Release|Any CPU.Build.0 = Release|Any CPU
	EndGlobalSection
	GlobalSection(SolutionProperties) = preSolution
		HideSolutionNode = FALSE
	EndGlobalSection
	GlobalSection(ExtensibilityGlobals) = postSolution
		SolutionGuid = {70D3A583-EF35-4E51-8D48-8D620345B3BF}
	EndGlobalSection
EndGlobal
